
Microsoft Visual Studio Solution File, Format Version 12.00
# Visual Studio Version 17
VisualStudioVersion = 17.3.32804.467
MinimumVisualStudioVersion = 10.0.40219.1
Project("{9A19103F-16F7-4668-BE54-9A1E7A4F7556}") = "FlightPlanner", "FlightPlanner\FlightPlanner.csproj", "{CD1BEBA8-7FD1-446A-AD46-521B16EE3E14}"
EndProject
Global
	GlobalSection(SolutionConfigurationPlatforms) = preSolution
		Debug|Any CPU = Debug|Any CPU
		Release|Any CPU = Release|Any CPU
	EndGlobalSection
	GlobalSection(ProjectConfigurationPlatforms) = postSolution
		{CD1BEBA8-7FD1-446A-AD46-521B16EE3E14}.Debug|Any CPU.ActiveCfg = Debug|Any CPU
		{CD1BEBA8-7FD1-446A-AD46-521B16EE3E14}.Debug|Any CPU.Build.0 = Debug|Any CPU
		{CD1BEBA8-7FD1-446A-AD46-521B16EE3E14}.Release|Any CPU.ActiveCfg = Release|Any CPU
		{CD1BEBA8-7FD1-446A-AD46-521B16EE3E14}.Release|Any CPU.Build.0 = Release|Any CPU
	EndGlobalSection
	GlobalSection(SolutionProperties) = preSolution
		HideSolutionNode = FALSE
	EndGlobalSection
	GlobalSection(ExtensibilityGlobals) = postSolution
		SolutionGuid = {4884CECE-E6A7-4238-8CD9-D3AEB893DC21}
	EndGlobalSection
EndGlobal
